
Microsoft Visual Studio Solution File, Format Version 12.00
# Visual Studio 15
VisualStudioVersion = 15.0.28010.2003
MinimumVisualStudioVersion = 10.0.40219.1
Project("{FAE04EC0-301F-11D3-BF4B-00C04F79EFBC}") = "NuvemERP", "NuvemERP\NuvemERP.csproj", "{5C281AC9-68CC-4994-828A-A3F69BB23AFA}"
EndProject
Global
	GlobalSection(SolutionConfigurationPlatforms) = preSolution
		Debug|Any CPU = Debug|Any CPU
		Release|Any CPU = Release|Any CPU
	EndGlobalSection
	GlobalSection(ProjectConfigurationPlatforms) = postSolution
		{5C281AC9-68CC-4994-828A-A3F69BB23AFA}.Debug|Any CPU.ActiveCfg = Debug|Any CPU
		{5C281AC9-68CC-4994-828A-A3F69BB23AFA}.Debug|Any CPU.Build.0 = Debug|Any CPU
		{5C281AC9-68CC-4994-828A-A3F69BB23AFA}.Release|Any CPU.ActiveCfg = Release|Any CPU
		{5C281AC9-68CC-4994-828A-A3F69BB23AFA}.Release|Any CPU.Build.0 = Release|Any CPU
	EndGlobalSection
	GlobalSection(SolutionProperties) = preSolution
		HideSolutionNode = FALSE
	EndGlobalSection
	GlobalSection(ExtensibilityGlobals) = postSolution
		SolutionGuid = {D6644088-AA53-4B4A-A4F8-D5F7707D4B92}
	EndGlobalSection
EndGlobal
